
Microsoft Visual Studio Solution File, Format Version 12.00
# Visual Studio 15
VisualStudioVersion = 15.0.26124.0
MinimumVisualStudioVersion = 15.0.26124.0
Project("{FAE04EC0-301F-11D3-BF4B-00C04F79EFBC}") = "API", "API\API.csproj", "{8CA8E748-AE75-4078-8E88-FA6E214209FA}"
EndProject
Project("{FAE04EC0-301F-11D3-BF4B-00C04F79EFBC}") = "Application", "Application\Application.csproj", "{97E20E34-6965-41AA-BC87-36258FBAFBE1}"
EndProject
Project("{FAE04EC0-301F-11D3-BF4B-00C04F79EFBC}") = "Persistence", "Persistence\Persistence.csproj", "{4991EDED-5EED-4329-AF0E-3E2181F99063}"
EndProject
Project("{FAE04EC0-301F-11D3-BF4B-00C04F79EFBC}") = "Domain", "Domain\Domain.csproj", "{7092F80A-7CE6-4299-9C49-4271DD6E78ED}"
EndProject
Project("{FAE04EC0-301F-11D3-BF4B-00C04F79EFBC}") = "Infrastructure", "Infrastructure\Infrastructure.csproj", "{4B2D97AB-9268-4F37-B463-3382019301E2}"
EndProject
Global
	GlobalSection(SolutionConfigurationPlatforms) = preSolution
		Debug|Any CPU = Debug|Any CPU
		Debug|x64 = Debug|x64
		Debug|x86 = Debug|x86
		Release|Any CPU = Release|Any CPU
		Release|x64 = Release|x64
		Release|x86 = Release|x86
	EndGlobalSection
	GlobalSection(SolutionProperties) = preSolution
		HideSolutionNode = FALSE
	EndGlobalSection
	GlobalSection(ProjectConfigurationPlatforms) = postSolution
		{8CA8E748-AE75-4078-8E88-FA6E214209FA}.Debug|Any CPU.ActiveCfg = Debug|Any CPU
		{8CA8E748-AE75-4078-8E88-FA6E214209FA}.Debug|Any CPU.Build.0 = Debug|Any CPU
		{8CA8E748-AE75-4078-8E88-FA6E214209FA}.Debug|x64.ActiveCfg = Debug|Any CPU
		{8CA8E748-AE75-4078-8E88-FA6E214209FA}.Debug|x64.Build.0 = Debug|Any CPU
		{8CA8E748-AE75-4078-8E88-FA6E214209FA}.Debug|x86.ActiveCfg = Debug|Any CPU
		{8CA8E748-AE75-4078-8E88-FA6E214209FA}.Debug|x86.Build.0 = Debug|Any CPU
		{8CA8E748-AE75-4078-8E88-FA6E214209FA}.Release|Any CPU.ActiveCfg = Release|Any CPU
		{8CA8E748-AE75-4078-8E88-FA6E214209FA}.Release|Any CPU.Build.0 = Release|Any CPU
		{8CA8E748-AE75-4078-8E88-FA6E214209FA}.Release|x64.ActiveCfg = Release|Any CPU
		{8CA8E748-AE75-4078-8E88-FA6E214209FA}.Release|x64.Build.0 = Release|Any CPU
		{8CA8E748-AE75-4078-8E88-FA6E214209FA}.Release|x86.ActiveCfg = Release|Any CPU
		{8CA8E748-AE75-4078-8E88-FA6E214209FA}.Release|x86.Build.0 = Release|Any CPU
		{97E20E34-6965-41AA-BC87-36258FBAFBE1}.Debug|Any CPU.ActiveCfg = Debug|Any CPU
		{97E20E34-6965-41AA-BC87-36258FBAFBE1}.Debug|Any CPU.Build.0 = Debug|Any CPU
		{97E20E34-6965-41AA-BC87-36258FBAFBE1}.Debug|x64.ActiveCfg = Debug|Any CPU
		{97E20E34-6965-41AA-BC87-36258FBAFBE1}.Debug|x64.Build.0 = Debug|Any CPU
		{97E20E34-6965-41AA-BC87-36258FBAFBE1}.Debug|x86.ActiveCfg = Debug|Any CPU
		{97E20E34-6965-41AA-BC87-36258FBAFBE1}.Debug|x86.Build.0 = Debug|Any CPU
		{97E20E34-6965-41AA-BC87-36258FBAFBE1}.Release|Any CPU.ActiveCfg = Release|Any CPU
		{97E20E34-6965-41AA-BC87-36258FBAFBE1}.Release|Any CPU.Build.0 = Release|Any CPU
		{97E20E34-6965-41AA-BC87-36258FBAFBE1}.Release|x64.ActiveCfg = Release|Any CPU
		{97E20E34-6965-41AA-BC87-36258FBAFBE1}.Release|x64.Build.0 = Release|Any CPU
		{97E20E34-6965-41AA-BC87-36258FBAFBE1}.Release|x86.ActiveCfg = Release|Any CPU
		{97E20E34-6965-41AA-BC87-36258FBAFBE1}.Release|x86.Build.0 = Release|Any CPU
		{4991EDED-5EED-4329-AF0E-3E2181F99063}.Debug|Any CPU.ActiveCfg = Debug|Any CPU
		{4991EDED-5EED-4329-AF0E-3E2181F99063}.Debug|Any CPU.Build.0 = Debug|Any CPU
		{4991EDED-5EED-4329-AF0E-3E2181F99063}.Debug|x64.ActiveCfg = Debug|Any CPU
		{4991EDED-5EED-4329-AF0E-3E2181F99063}.Debug|x64.Build.0 = Debug|Any CPU
		{4991EDED-5EED-4329-AF0E-3E2181F99063}.Debug|x86.ActiveCfg = Debug|Any CPU
		{4991EDED-5EED-4329-AF0E-3E2181F99063}.Debug|x86.Build.0 = Debug|Any CPU
		{4991EDED-5EED-4329-AF0E-3E2181F99063}.Release|Any CPU.ActiveCfg = Release|Any CPU
		{4991EDED-5EED-4329-AF0E-3E2181F99063}.Release|Any CPU.Build.0 = Release|Any CPU
		{4991EDED-5EED-4329-AF0E-3E2181F99063}.Release|x64.ActiveCfg = Release|Any CPU
		{4991EDED-5EED-4329-AF0E-3E2181F99063}.Release|x64.Build.0 = Release|Any CPU
		{4991EDED-5EED-4329-AF0E-3E2181F99063}.Release|x86.ActiveCfg = Release|Any CPU
		{4991EDED-5EED-4329-AF0E-3E2181F99063}.Release|x86.Build.0 = Release|Any CPU
		{7092F80A-7CE6-4299-9C49-4271DD6E78ED}.Debug|Any CPU.ActiveCfg = Debug|Any CPU
		{7092F80A-7CE6-4299-9C49-4271DD6E78ED}.Debug|Any CPU.Build.0 = Debug|Any CPU
		{7092F80A-7CE6-4299-9C49-4271DD6E78ED}.Debug|x64.ActiveCfg = Debug|Any CPU
		{7092F80A-7CE6-4299-9C49-4271DD6E78ED}.Debug|x64.Build.0 = Debug|Any CPU
		{7092F80A-7CE6-4299-9C49-4271DD6E78ED}.Debug|x86.ActiveCfg = Debug|Any CPU
		{7092F80A-7CE6-4299-9C49-4271DD6E78ED}.Debug|x86.Build.0 = Debug|Any CPU
		{7092F80A-7CE6-4299-9C49-4271DD6E78ED}.Release|Any CPU.ActiveCfg = Release|Any CPU
		{7092F80A-7CE6-4299-9C49-4271DD6E78ED}.Release|Any CPU.Build.0 = Release|Any CPU
		{7092F80A-7CE6-4299-9C49-4271DD6E78ED}.Release|x64.ActiveCfg = Release|Any CPU
		{7092F80A-7CE6-4299-9C49-4271DD6E78ED}.Release|x64.Build.0 = Release|Any CPU
		{7092F80A-7CE6-4299-9C49-4271DD6E78ED}.Release|x86.ActiveCfg = Release|Any CPU
		{7092F80A-7CE6-4299-9C49-4271DD6E78ED}.Release|x86.Build.0 = Release|Any CPU
		{4B2D97AB-9268-4F37-B463-3382019301E2}.Debug|Any CPU.ActiveCfg = Debug|Any CPU
		{4B2D97AB-9268-4F37-B463-3382019301E2}.Debug|Any CPU.Build.0 = Debug|Any CPU
		{4B2D97AB-9268-4F37-B463-3382019301E2}.Debug|x64.ActiveCfg = Debug|Any CPU
		{4B2D97AB-9268-4F37-B463-3382019301E2}.Debug|x64.Build.0 = Debug|Any CPU
		{4B2D97AB-9268-4F37-B463-3382019301E2}.Debug|x86.ActiveCfg = Debug|Any CPU
		{4B2D97AB-9268-4F37-B463-3382019301E2}.Debug|x86.Build.0 = Debug|Any CPU
		{4B2D97AB-9268-4F37-B463-3382019301E2}.Release|Any CPU.ActiveCfg = Release|Any CPU
		{4B2D97AB-9268-4F37-B463-3382019301E2}.Release|Any CPU.Build.0 = Release|Any CPU
		{4B2D97AB-9268-4F37-B463-3382019301E2}.Release|x64.ActiveCfg = Release|Any CPU
		{4B2D97AB-9268-4F37-B463-3382019301E2}.Release|x64.Build.0 = Release|Any CPU
		{4B2D97AB-9268-4F37-B463-3382019301E2}.Release|x86.ActiveCfg = Release|Any CPU
		{4B2D97AB-9268-4F37-B463-3382019301E2}.Release|x86.Build.0 = Release|Any CPU
	EndGlobalSection
EndGlobal
